
Microsoft Visual Studio Solution File, Format Version 12.00
# Visual Studio 15
VisualStudioVersion = 15.0.28307.1831
MinimumVisualStudioVersion = 10.0.40219.1
Project("{FAE04EC0-301F-11D3-BF4B-00C04F79EFBC}") = "CodedUITestProject1", "CodedUITestProject1\CodedUITestProject1.csproj", "{F5D33042-BA5E-4485-A90E-4EE74D7D652C}"
EndProject
Project("{FAE04EC0-301F-11D3-BF4B-00C04F79EFBC}") = "CodedUITestProject2", "CodedUITestProject2\CodedUITestProject2.csproj", "{87843CEE-7A85-4F49-B1C4-B5A1F2CF3A87}"
EndProject
Project("{FAE04EC0-301F-11D3-BF4B-00C04F79EFBC}") = "CodedUITestProject3", "CodedUITestProject3\CodedUITestProject3.csproj", "{993BF7CA-BDA2-4C3A-9F2A-C879B38CB779}"
EndProject
Global
	GlobalSection(SolutionConfigurationPlatforms) = preSolution
		Debug|Any CPU = Debug|Any CPU
		Release|Any CPU = Release|Any CPU
	EndGlobalSection
	GlobalSection(ProjectConfigurationPlatforms) = postSolution
		{F5D33042-BA5E-4485-A90E-4EE74D7D652C}.Debug|Any CPU.ActiveCfg = Debug|Any CPU
		{F5D33042-BA5E-4485-A90E-4EE74D7D652C}.Debug|Any CPU.Build.0 = Debug|Any CPU
		{F5D33042-BA5E-4485-A90E-4EE74D7D652C}.Release|Any CPU.ActiveCfg = Release|Any CPU
		{F5D33042-BA5E-4485-A90E-4EE74D7D652C}.Release|Any CPU.Build.0 = Release|Any CPU
		{87843CEE-7A85-4F49-B1C4-B5A1F2CF3A87}.Debug|Any CPU.ActiveCfg = Debug|Any CPU
		{87843CEE-7A85-4F49-B1C4-B5A1F2CF3A87}.Debug|Any CPU.Build.0 = Debug|Any CPU
		{87843CEE-7A85-4F49-B1C4-B5A1F2CF3A87}.Release|Any CPU.ActiveCfg = Release|Any CPU
		{87843CEE-7A85-4F49-B1C4-B5A1F2CF3A87}.Release|Any CPU.Build.0 = Release|Any CPU
		{993BF7CA-BDA2-4C3A-9F2A-C879B38CB779}.Debug|Any CPU.ActiveCfg = Debug|Any CPU
		{993BF7CA-BDA2-4C3A-9F2A-C879B38CB779}.Debug|Any CPU.Build.0 = Debug|Any CPU
		{993BF7CA-BDA2-4C3A-9F2A-C879B38CB779}.Release|Any CPU.ActiveCfg = Release|Any CPU
		{993BF7CA-BDA2-4C3A-9F2A-C879B38CB779}.Release|Any CPU.Build.0 = Release|Any CPU
	EndGlobalSection
	GlobalSection(SolutionProperties) = preSolution
		HideSolutionNode = FALSE
	EndGlobalSection
	GlobalSection(ExtensibilityGlobals) = postSolution
		SolutionGuid = {54748DCC-D8B4-4F6B-B645-879AF69E6456}
	EndGlobalSection
EndGlobal
